<?xml version="1.0" encoding="UTF-8"?>
<Scheme
   LastUpgradeVersion = "2610"
   version = "1.7">
   <BuildAction
      parallelizeBuildables = "YES"
      buildImplicitDependencies = "YES"
      buildArchitectures = "Automatic">
      <BuildActionEntries>
         <BuildActionEntry
            buildForTesting = "YES"
            buildForRunning = "YES"
            buildForProfiling = "YES"
            buildForArchiving = "YES"
            buildForAnalyzing = "YES">
            <BuildableReference
               BuildableIdentifier = "primary"
               BlueprintIdentifier = "AD1ABAAD2831907B00B3E448"
               BuildableName = "MovieQuiz.app"
               BlueprintName = "MovieQuiz"
               ReferencedContainer = "container:MovieQuiz.xcodeproj">
            </BuildableReference>
         </BuildActionEntry>
      </BuildActionEntries>
   </BuildAction>
   <TestAction
      buildConfiguration = "Debug"
      selectedDebuggerIdentifier = "Xcode.DebuggerFoundation.Debugger.LLDB"
      selectedLauncherIdentifier = "Xcode.DebuggerFoundation.Launcher.LLDB"
      shouldUseLaunchSchemeArgsEnv = "YES"
      shouldAutocreateTestPlan = "YES">
      <Testables>
         <TestableReference
            skipped = "NO"
            parallelizable = "YES">
            <BuildableReference
               BuildableIdentifier = "primary"
               BlueprintIdentifier = "C7875BC12EE4854A0033E318"
               BuildableName = "MovieQuizTests.xctest"
               BlueprintName = "MovieQuizTests"
               ReferencedContainer = "container:MovieQuiz.xcodeproj">
            </BuildableReference>
         </TestableReference>
         <TestableReference
            skipped = "NO"
            parallelizable = "YES">
            <BuildableReference
               BuildableIdentifier = "primary"
               BlueprintIdentifier = "C7875BD62EE4990D0033E318"
               BuildableName = "MovieQuizTests&#x44b;.xctest"
               BlueprintName = "MovieQuizTests&#x44b;"
               ReferencedContainer = "container:MovieQuiz.xcodeproj">
            </BuildableReference>
         </TestableReference>
         <TestableReference
            skipped = "NO"
            parallelizable = "YES">
            <BuildableReference
               BuildableIdentifier = "primary"
               BlueprintIdentifier = "C7875BE62EE499C60033E318"
               BuildableName = "MovieQuizUITests.xctest"
               BlueprintName = "MovieQuizUITests"
               ReferencedContainer = "container:MovieQuiz.xcodeproj">
            </BuildableReference>
         </TestableReference>
         <TestableReference
            skipped = "NO"
            parallelizable = "YES">
            <BuildableReference
               BuildableIdentifier = "primary"
               BlueprintIdentifier = "C7875BF92EE4A2F50033E318"
               BuildableName = "MovieQuizUITests&#x444;.xctest"
               BlueprintName = "MovieQuizUITests&#x444;"
               ReferencedContainer = "container:MovieQuiz.xcodeproj">
            </BuildableReference>
         </TestableReference>
         <TestableReference
            skipped = "NO"
            parallelizable = "YES">
            <BuildableReference
               BuildableIdentifier = "primary"
               BlueprintIdentifier = "C77A897E2EF348DF00FA6F0C"
               BuildableName = "MovieQuizPresenterTests.xctest"
               BlueprintName = "MovieQuizPresenterTests"
               ReferencedContainer = "container:MovieQuiz.xcodeproj">
            </BuildableReference>
         </TestableReference>
         <TestableReference
            skipped = "NO"
            parallelizable = "YES">
            <BuildableReference
               BuildableIdentifier = "primary"
               BlueprintIdentifier = "C7B6117D2EF9D592001EAEDB"
               BuildableName = "MovieQuizTestsUnit.xctest"
               BlueprintName = "MovieQuizTestsUnit"
               ReferencedContainer = "container:MovieQuiz.xcodeproj">
            </BuildableReference>
         </TestableReference>
      </Testables>
   </TestAction>
   <LaunchAction
      buildConfiguration = "Debug"
      selectedDebuggerIdentifier = "Xcode.DebuggerFoundation.Debugger.LLDB"
      selectedLauncherIdentifier = "Xcode.DebuggerFoundation.Launcher.LLDB"
      launchStyle = "0"
      useCustomWorkingDirectory = "NO"
      ignoresPersistentStateOnLaunch = "NO"
      debugDocumentVersioning = "YES"
      debugServiceExtension = "internal"
      allowLocationSimulation = "YES">
      <BuildableProductRunnable
         runnableDebuggingMode = "0">
         <BuildableReference
            BuildableIdentifier = "primary"
            BlueprintIdentifier = "AD1ABAAD2831907B00B3E448"
            BuildableName = "MovieQuiz.app"
            BlueprintName = "MovieQuiz"
            ReferencedContainer = "container:MovieQuiz.xcodeproj">
         </BuildableReference>
      </BuildableProductRunnable>
   </LaunchAction>
   <ProfileAction
      buildConfiguration = "Release"
      shouldUseLaunchSchemeArgsEnv = "YES"
      savedToolIdentifier = ""
      useCustomWorkingDirectory = "NO"
      debugDocumentVersioning = "YES">
      <BuildableProductRunnable
         runnableDebuggingMode = "0">
         <BuildableReference
            BuildableIdentifier = "primary"
            BlueprintIdentifier = "AD1ABAAD2831907B00B3E448"
            BuildableName = "MovieQuiz.app"
            BlueprintName = "MovieQuiz"
            ReferencedContainer = "container:MovieQuiz.xcodeproj">
         </BuildableReference>
      </BuildableProductRunnable>
   </ProfileAction>
   <AnalyzeAction
      buildConfiguration = "Debug">
   </AnalyzeAction>
   <ArchiveAction
      buildConfiguration = "Release"
      revealArchiveInOrganizer = "YES">
   </ArchiveAction>
</Scheme>
